{
    "_meta": {
        "hash": {
            "sha256": "de2185eb3a2b080fe14852d9c2f90d12e45a7eee8d094ec32699e88ea6fec163"
        },
        "pipfile-spec": 6,
        "requires": {
            "python_version": "3.8"
        },
        "sources": [
            {
                "name": "pypi",
                "url": "https://pypi.org/simple",
                "verify_ssl": true
            }
        ]
    },
    "default": {
        "backcall": {
            "hashes": [
                "sha256:5cbdbf27be5e7cfadb448baf0aa95508f91f2bbc6c6437cd9cd06e2a4c215e1e",
                "sha256:fbbce6a29f263178a1f7915c1940bde0ec2b2a967566fe1c65c1dfb7422bd255"
            ],
            "version": "==0.2.0"
        },
        "base58": {
            "hashes": [
                "sha256:365c9561d9babac1b5f18ee797508cd54937a724b6e419a130abad69cec5ca79",
                "sha256:447adc750d6b642987ffc6d397ecd15a799852d5f6a1d308d384500243825058"
            ],
            "markers": "python_version >= '3.5'",
            "version": "==2.0.1"
        },
        "certifi": {
            "hashes": [
                "sha256:35824b4c3a97115964b408844d64aa14db1cc518f6562e8d7261699d1350a9e3",
                "sha256:4ad3232f5e926d6718ec31cfc1fcadfde020920e278684144551c91769c7bc18"
            ],
            "index": "pypi",
            "version": "==2022.12.7"
        },
        "chardet": {
            "hashes": [
                "sha256:0d6f53a15db4120f2b08c94f11e7d93d2c911ee118b6b30a04ec3ee8310179fa",
                "sha256:f864054d66fd9118f2e67044ac8981a54775ec5b67aed0441892edb553d21da5"
            ],
            "markers": "python_version >= '2.7' and python_version not in '3.0, 3.1, 3.2, 3.3, 3.4'",
            "version": "==4.0.0"
        },
        "decorator": {
            "hashes": [
                "sha256:637996211036b6385ef91435e4fae22989472f9d571faba8927ba8253acbc330",
                "sha256:b8c3f85900b9dc423225913c5aace94729fe1fa9763b38939a95226f02d37186"
            ],
            "markers": "python_version >= '3.5'",
            "version": "==5.1.1"
        },
        "idna": {
            "hashes": [
                "sha256:b307872f855b18632ce0c21c5e45be78c0ea7ae4c15c828c20788b26921eb3f6",
                "sha256:b97d804b1e9b523befed77c48dacec60e6dcb0b5391d57af6a65a312a90648c0"
            ],
            "markers": "python_version >= '2.7' and python_version not in '3.0, 3.1, 3.2, 3.3'",
            "version": "==2.10"
        },
        "ipython": {
            "hashes": [
                "sha256:55df3e0bd0f94e715abd968bedd89d4e8a7bce4bf498fb123fed4f5398fea874",
                "sha256:b5548ec5329a4bcf054a5deed5099b0f9622eb9ea51aaa7104d215fece201d8c"
            ],
            "index": "pypi",
            "version": "==7.31.1"
        },
        "jedi": {
            "hashes": [
                "sha256:203c1fd9d969ab8f2119ec0a3342e0b49910045abe6af0a3ae83a5764d54639e",
                "sha256:bae794c30d07f6d910d32a7048af09b5a39ed740918da923c6b780790ebac612"
            ],
            "markers": "python_version >= '3.6'",
            "version": "==0.18.2"
        },
        "matplotlib-inline": {
            "hashes": [
                "sha256:f1f41aab5328aa5aaea9b16d083b128102f8712542f819fe7e6a420ff581b311",
                "sha256:f887e5f10ba98e8d2b150ddcf4702c1e5f8b3a20005eb0f74bfdbd360ee6f304"
            ],
            "markers": "python_version >= '3.5'",
            "version": "==0.1.6"
        },
        "more-itertools": {
            "hashes": [
                "sha256:250e83d7e81d0c87ca6bd942e6aeab8cc9daa6096d12c5308f3f92fa5e5c1f41",
                "sha256:5a6257e40878ef0520b1803990e3e22303a41b5714006c32a3fd8304b26ea1ab"
            ],
            "markers": "python_version >= '3.7'",
            "version": "==9.0.0"
        },
        "parso": {
            "hashes": [
                "sha256:8c07be290bb59f03588915921e29e8a50002acaf2cdc5fa0e0114f91709fafa0",
                "sha256:c001d4636cd3aecdaf33cbb40aebb59b094be2a74c556778ef5576c175e19e75"
            ],
            "markers": "python_version >= '3.6'",
            "version": "==0.8.3"
        },
        "pexpect": {
            "hashes": [
                "sha256:0b48a55dcb3c05f3329815901ea4fc1537514d6ba867a152b581d69ae3710937",
                "sha256:fc65a43959d153d0114afe13997d439c22823a27cefceb5ff35c2178c6784c0c"
            ],
            "markers": "sys_platform != 'win32'",
            "version": "==4.8.0"
        },
        "pickleshare": {
            "hashes": [
                "sha256:87683d47965c1da65cdacaf31c8441d12b8044cdec9aca500cd78fc2c683afca",
                "sha256:9649af414d74d4df115d5d718f82acb59c9d418196b7b4290ed47a12ce62df56"
            ],
            "version": "==0.7.5"
        },
        "prompt-toolkit": {
            "hashes": [
                "sha256:3e163f254bef5a03b146397d7c1963bd3e2812f0964bb9a24e6ec761fd28db63",
                "sha256:aa64ad242a462c5ff0363a7b9cfe696c20d55d9fc60c11fd8e632d064804d305"
            ],
            "markers": "python_full_version >= '3.6.2'",
            "version": "==3.0.36"
        },
        "ptyprocess": {
            "hashes": [
                "sha256:4b41f3967fce3af57cc7e94b888626c18bf37a083e3651ca8feeb66d492fef35",
                "sha256:5c5d0a3b48ceee0b48485e0c26037c0acd7d29765ca3fbb5cb3831d347423220"
            ],
            "version": "==0.7.0"
        },
        "py-bip39-bindings": {
            "hashes": [
                "sha256:0473f2614b7882838eaad13a10eb445b67e47195d725f94846468fb7ffd22176",
                "sha256:0d8bb3b34dff06f7dc919797650fa9bc63582e3f98b307f9ae09c5b57b7104d3",
                "sha256:0fe32e472fada2b351e2ebfdb5938acf5d7cd7f58df6d52f55fc1062935b404a",
                "sha256:122506e0a6665f5d5680539d0204f360b7cf2e0f423de9c2c306a2d7b57abd77",
                "sha256:13274b247896e596493a170cd18b8b42a854cdabca79815be02642c780a92787",
                "sha256:1640e053125393d6d43ce58f72d090213caa7852eb6538acdfbfbd4667a74747",
                "sha256:1cbd6f2e5c9c1ce1434ecd64e768d7ff99d73b2e7c77387288231717edef7b24",
                "sha256:1f58a191d352d08ce72238d27d5a5c440f43bb643c8b5a64a4e6c33ecc3a9b28",
                "sha256:2118dbb45044b09e1bfec726c2f5771bb7ff847b9fe73e500a6349c1cd05402a",
                "sha256:220cd2a262a18a0cda921ecdcb21858473d6634fc66ea986fb0a7b73ced2985f",
                "sha256:239d54fcfee171e259344027ef4ea7904da30db4d64822c6f56277ba58105bd5",
                "sha256:23ff1093793db66d4409ff1b71fa917e2c787d73c493e36f55ff84273b211331",
                "sha256:28a251a7fd01ed947b959a0a7c98f9275720fe5ea07eece9d85d865f98707f4b",
                "sha256:2a7b5b0984dc36245877fe280e5b751ffc3f339efb5fdd90c1306b7453b1345b",
                "sha256:2c514b123742281b845ecb64eb78d1a9104660a9e7a11aed10a95d95c38755c1",
                "sha256:2c5ed2cd8582a181e649f37fbdc6ff63e96dc48f91f7ed7b5a553e4cbb94492d",
                "sha256:2ccfe9f1e0ea964ee457992053ff3fca4ac2c1f469ff830e1f5696f383533b49",
                "sha256:30c21a1d98449b3ac9d238e90a4a70062913ba280b545665a84b9856adfc5ce4",
                "sha256:3126adfac01c1b68c4f3681439615ff9233a784eeed23ed33c0ab7acd1bda1c0",
                "sha256:34af7864c418e9844e3b33472dc0708ff745fcf77e04674a7c59f8119896a6cc",
                "sha256:39a105decbe17f302ddc3b0ff31900427fbc1be2087bf1c33b06ebd95665a2a3",
                "sha256:3a6c012049ff9bd1ab48273a3d2a5f96b19ffa1e20b985ebdc6881233ae51789",
                "sha256:3aa45e8eb0b0bec58961abb04ca512b0d6a75ac79e0a5f60ac3ad0b5c01284cf",
                "sha256:3de1446063b8a0ba93027b27c0f0614a405973e4b01ea25599c58bf080d4dfac",
                "sha256:3f830585b8ba6e61c52c443a25f6c33ecfe87f6bb916b3f325e5ca852fe1c717",
                "sha256:3f871aa56b35c4f96c25691a4b86a67ed30b020a2f3ce63ed5ebb8bf5d5fe163",
                "sha256:42f5a6576adc640eb99b2e3e59d70b4acb7e256bb8362dbeb4011c2ec9db770f",
                "sha256:44260fb0856f8e47db576d9bfca1246a036ff5272e63a15fdcf92897aaa7160a",
                "sha256:44b78b68e86be3a6be0f6422a4a196ff4a90c5eeba0503f19db65edf67740cbc",
                "sha256:4f7242b2f101bfe7e964393c61f712b359a117ea477a015b1e236f0188737839",
                "sha256:501c831c346744a1baefc374ef46a8e34c049ad227d32bf4b96a8d59422668b9",
                "sha256:58c88c612e6794a290b12d1aabc84527023b88d1554de3d80225294dc4265d97",
                "sha256:5b205918f4cdf03eb93a94960bfcba915b57c0a1a3651e2c333f342753aa9bb1",
                "sha256:6377d8508560d3ec6b468891c2fb97b5f59268232bbb0b27b94690409d104630",
                "sha256:65458cf3b8488ad1ec4da91541fd30289b029fcb33acc04a63b2376ea703f4e8",
                "sha256:65f03e87ecbab07587b40a887a2b8d97039dce384034f0c19cdfcde62d3c956f",
                "sha256:67ccae1807d41017948d1f606fe82b293250d11105159009d681b0a6b882fbf2",
                "sha256:6d747bb538a7f234aaf725847bc2d866865c58dcfc2b7f4163fad216a8419ba6",
                "sha256:753125bf7635ba7ef638770052ea88adbed32cb78b05cbfa929ddf6394aa2890",
                "sha256:7ba3d42fd5ae6f1a76ee050e726ece3fbf30ef8918574bd66e60fbba56fd7013",
                "sha256:7cc7725dbf5a0ca4d7e851f48c5041602e49cff8286275c15d12ae0f798c266a",
                "sha256:8443783226f96fcb40c449022c5f2b9af0bb50f4d309383ebabf3c0afc1677fb",
                "sha256:864c53bd86dbbd728da13e15b8ff136c412c3f8c42b77ecebcbd113834c3f529",
                "sha256:8a6aaf9e465b179a58187bed2ccbcc9548914f1f4a5149d1a787aba3439312de",
                "sha256:93358d2d4fb6b837601233cb09dbadd71182073e5fa1dfc574f6aaebd1a4a4d2",
                "sha256:96dc5b8df8763aa2b9c1b7f9527cc89a2cd597c7baeb9acdda0601d4578d0d5a",
                "sha256:9a28e48496468d0a8684d33c21644c264dc1fd1864fb10b9ef901e76d2a93769",
                "sha256:9c61626e43f92c97fdaacee5579a68406a774f3437b2c66b83799564b258f5b1",
                "sha256:a00f7f6f9a5968827152a6c30614bfb756b1def99919e3a752686d8dc844ac92",
                "sha256:ae1dd01f03eccb33bfe9b3086685877aebea58a42de445b94ba4a5d7840566c6",
                "sha256:b1e1e318061f38140c3fc8c38c832bb47134db109a31755572e988ca8bd7233d",
                "sha256:b3ea27da3594daf6405b04570305b320932bcbe0a8ca94b3b50554711758134e",
                "sha256:b8cc92811480dd55dfb1d9cfa09c01218eb391e91954740a625bd9214b0f021b",
                "sha256:c600ea7b7d970aeb7154343a9c2b54902584ac09bf56d0bc52b483dd53ced16f",
                "sha256:c8dd321fe280b5ebaf2820fde03ed4d6c2cceed47a18e7730b5b9115fdfd8882",
                "sha256:d0d3c29ec5be99231d3e5cb65c5ae39e498fee35def8cc473a2ce04597537917",
                "sha256:dd8c1527de092f0016ff02fb6bd84f20003bfa1c5da59d8f4353c74c04039eb4",
                "sha256:e1c38682f43bb31afd4879e60331d1312f5de93169131a1a11c27ef61537f71a",
                "sha256:e840414767425466113b870206871fc5c279fe01afe1e4681cebf118d14b19a7",
                "sha256:e942001981e222977b7de1e9874426dce78debb1ee7897fb57b470d2bc4d2611",
                "sha256:e9df6e25815dd766df203002deb2ba46e8f2318463b79438ad70cca3f91ca384",
                "sha256:ecbbdfd8772c75d9662af06a9668edbc518d48bd6f90d8746ddacb22ce3e76fa",
                "sha256:ee2bd44888afc3295946cb6f1dbc34647385e33b75edea6abd67537e22f93c4b",
                "sha256:f6d016d1130c6242348ad44e802b602ebb2cea3bbddb9ec132fa5f0f5733ceca",
                "sha256:f8df8705ca901f2d2702fcb73e1829174c6f7910f76adf5cbf1dbbbe95348adb"
            ],
            "version": "==0.1.10"
        },
        "py-ed25519-bindings": {
            "hashes": [
                "sha256:077b0a90b7cffc34b4f9b8ab0ed612edfb76e5eda695b016cca4790b934d88ca",
                "sha256:1cd3a2d49835a6a5728a340cdaa80352474e9d0a390a2b52634a806d0ba0f4a9",
                "sha256:33da2e9b9681a5e5574b0f38093713b91bdfcfb14ba7ca8b5bea568de72a1aa5",
                "sha256:3b12f2abd8974ce4867a15c6133aec67ce3aaad12298706f50667b4e73b30251",
                "sha256:3bbd338fdc53a0b6e7524e2ca0d26c7ce848244dbe776546dc173bf552582a2e",
                "sha256:494a3d3eed9a81ff621bb51f34c18dfdee43bd7fc022eeefa6fe2ab023b7d90e",
                "sha256:4eff4d6c1e658f183470f3d0ee2b1516c9569eb796cdd80222fcc05910fea6a4",
                "sha256:53bab7ad743d417dea09d1213f664e6bcba14f7b3e4dbab85e25daf7042bea86",
                "sha256:5b26b8f47194a4766d23f7989f926ae791ab6779414a34fb8e665d914694286a",
                "sha256:5b6725dbd6f613c1cb93bca5af5a1e063b2d37d2927eaab5a2e3b6006b993e36",
                "sha256:627e8cc9e750bea3fdd00dad6ad45f79bf2a0c3a8534083aaa292c99f7054a2e",
                "sha256:80d6df3c293cff0a2778028e4b5248e24b64f0deab247b9d4bf4065d8ac2d237",
                "sha256:8f62b42e061c7a8373f9d64527856c48420b3986c70b925685179f16bd0b9c9f",
                "sha256:93797fa77a82fbfbdae054256bdaaa8ee2f7ef3f20ae7499d9026fbfb3a46c25",
                "sha256:9606ed47dbf6ff76f82d85e7b6a0662a95e5b186efb8c2b281c80c3f4037fb4f",
                "sha256:9779c7bc24e0e8db0f992ee637125681885c3d5c73ebb19846a1d37417ddd3d5",
                "sha256:a82959d8a80b8d2293dc0dee8bc810ee8052f8e534b862aa8768dfe045d37555",
                "sha256:af940439ee3f0285d9956fdebe4ef7baafbf3068d75c114cbb97e69ae1b9fb02",
                "sha256:c1903baad3eaa1dc037c429d92f04482a4e369690b16594b9b489055052d4cc5",
                "sha256:c2b2e26070429c1d13dea4dfb012c4dbf5c7a470f94cfca4d4454b8bb725ffb2",
                "sha256:cbeae9f80b2997a271b98f7f4ec856272f46c83a0fa5bd95107d9611f3a95c73",
                "sha256:d94754cd34ee2b66173af889bb922fab90c6b3bda2d29b4ed677d9e52d2bc09a",
                "sha256:e48fc9cf7b60f45a1673e45829d994fa9119108804d61995ea623475f213d3b4",
                "sha256:f2df3ff54550ad2587f63658ecb7c69e0880891e736450491e2a2b633d5273c5",
                "sha256:ff2c54e88b44b224106924482e83781290e0d22f822377a43ea32a9bada80c2b"
            ],
            "version": "==0.1.3"
        },
        "py-sr25519-bindings": {
            "hashes": [
                "sha256:00b5f3666132b89b5f35ade4eeb93dffc6edcc34c6054e92174b77ee4c6329b8",
                "sha256:070656e3ad4d18de98d763bacdc0e2063fb35d2120b50d50cb46649e852026f9",
                "sha256:0b735e5ae7a265dcb8dc160bc96950a13df8eb28bd85e0a27dc4dd2042856894",
                "sha256:0eb789abf08d8d9c9bd458a77c977d6546355f263efca8a8aee1e9d827ce1420",
                "sha256:1a583c411707fbfd58de0b0fe499520f8b4d705a9bae25bca7c4c598faf3703b",
                "sha256:1dd6d8fcad2918d8e33b1a85e764317581a78407e01559b564bbe193a2048fdd",
                "sha256:21b563d679ace42317d0cfbc1b4372443bda235dac6ac1f92ef2acffe50e6a3e",
                "sha256:22646549bacd3084c37970304f50fd56fa0eff743bebdb818e20e8d1c9c1e706",
                "sha256:2d80d9c7e91aa018638705a277be2ac6b540df069f67a45cb48db320f3459172",
                "sha256:2d8893c09731b2539c0e0f95c6c8a0d48e16e098cae08a45ce5f3ac56eef0191",
                "sha256:32bacbf57f2ab0b17cec9f7724854db4a3b9a6dd37fa638a3cb9f57f4c099c21",
                "sha256:4081e95a19373a46097aa9db2fc62abbe215c4844752c04da0f1cbb05fb0d5dd",
                "sha256:494d6c79b42d677a87f20a8983e567cd82fe799d42d4dea2103d4e3a40a4fe3e",
                "sha256:4d2188ae0f3f85d4b10f573f23ab324b085771c2f21aa9391beaf96a42e9dd6f",
                "sha256:4f2680df5f2ce7db89b8296f9a6f51f825d144bccfe919fca633856788846f7a",
                "sha256:50ae6349c73e4a96c4a7ab4c08a126ec068e5b7dea584c4e940c1788849c3eef",
                "sha256:57e40ce6601abc3a3926fbc45eb87fb380533f4e4b9f6f161e38f65ace2e416c",
                "sha256:5b3dc85b7bb0e19560fe0d343295d867ce476fbd593b700e5938fca65d10a57d",
                "sha256:5daf9724e360957cff30df37ea654405bb8e3bafcd5b8f201d5cf5ee835a4672",
                "sha256:5fa7480b4a16e513a8b1c436050c5c052a68650c104124209e4030f69ce33628",
                "sha256:698ada0b6f46ee6832af64e6f8497530ed3aed3c9503c5bde4021eee2367e6fa",
                "sha256:6a2f160c424ab68b9bfda361ac41782931b2acbb81a67d21a2b044d8f235d0b1",
                "sha256:6f05a82c3b2469c321aba9fbe5a3a12e6eb864d2e950ddfc3cf6635018d45a2f",
                "sha256:7066c4cf7834bb308b40b895844a129e79cad1526f7a1f1c47c7b7162a01150b",
                "sha256:71f4a161aee1a75c90ef48c30e6240bf2c5c808eb2cce25a8620c8297f285c69",
                "sha256:738c4816a2c6ea1a0f7371a184cc4cdb48043431876c385fd268929ed884e5c1",
                "sha256:744ea7143b6ab604a93abd1ef536559789521ff956405a31a9943fac50895e1f",
                "sha256:78788491131b4fd9e3e0f053e3a972fc29832f86182d7e00e9e405fe9337952f",
                "sha256:7dee40d1c307a72c5ff4e8bd66e44aaeb41fd254a9cc5bf7da60a545290ee779",
                "sha256:83776025141f256b1725d647bc9e280f0e4a49d93c61bf0790f7e430741aaa50",
                "sha256:86e9984dea40867136fbd76a01b9f03250b370a3aa8b92e503e06f806cfa62bc",
                "sha256:941f77629c3e4560fbdb824cce20954a9655341177a4e73bf2913f938888586d",
                "sha256:9b76db26d8ae84b1fbc4c8d0b2e49de28fcb968b4d4541b21c6a116510b2a6b4",
                "sha256:9bb9e7df4b8acd94bd57e4d2b76d593193731792c9f63ccaa776d5254c0bde9e",
                "sha256:a0b0bcf24957cdfc6d612a2a35afc07ed836e9cec3e7c1de81ff1158166c0516",
                "sha256:a367bce4502448f2eecea37113c49a517314f5e1bcf61ef277053a0fe9064a2e",
                "sha256:a51a68ce8344649ab83f0bdc1c9be740bc1137ab346ab45a89935267847d861d",
                "sha256:a6c77ccbcf7228b83ef781ae5fe8efac7110154edacfbd53a38ff12b9a58b8bc",
                "sha256:acbe85731aab5011c21c1f774886a8e8ad19c532f79a7bf3051a3390296de6d3",
                "sha256:ad843f022149f0aa443a7222d38f6b7246bb36e9a15c9162088d3e5a5cbe0ce9",
                "sha256:af8c341a437aae13ad9550132ab08c9add36dbd50c7cbec01db3a96847567021",
                "sha256:b205083c04ea9d61bf616329d1493a2299d8a6612567c7db8e210816bda78c69",
                "sha256:b32a6b10c835e10f1ffc5afd0328e9ad343f4c4844795b376307f3277b701a75",
                "sha256:b4ad318c8519c755fc957ef4ea2e4558c1b5cb405a531c99bdfdbfce93e01f8c",
                "sha256:c0dcd60ced3af33f08b5d2fb98bcd454f3c9c7993b2e44a8acde86da81fe73a7",
                "sha256:c2982c9336756bcd2a10b3280c72eff06fbd0d58360cc2ab5770201bc67255ae",
                "sha256:ca8b4c779a2a5207ce96989e2be3ad5d059b2667798fec99f4dcbac6626a8e86",
                "sha256:d0cf53e1021da4ba1e943fc1a1489c09e829250544030e4f5fd50f1275afc43d",
                "sha256:d1fae41f75a7c37ae985bbe8acd41a169951d09595c20e06431d87a2f83a36d3",
                "sha256:d4b384198eca7bf04d2f128777dd19fb3ebba5a1c8ee1aa610104c8afad55f7a",
                "sha256:dcf4cda92c9cf9f66673839cd7eb4cb43b8f2de5631e892f5ed9368a68aadc23",
                "sha256:ddc2ba423b131e5d70e1ae7f200292917bd9ebbefdb20d08ef08b65aaf091af5",
                "sha256:e084af8e2c40b06b42ceebf9207d812f63f82dd4494837f97bf6088d6c8d102a",
                "sha256:e50f59d5510fdfef7158770865eb03261e964ba79ad065ca0dca30c526b2712e",
                "sha256:efbcf2bfe0f201a9efb85a5badd5928d5b43941d026d7af484b5f831a884e6f4",
                "sha256:f0c4cb38c69fe56a149504142a794bdf3055a971fb89022426b992f1bb9bcf48",
                "sha256:f1d295ded23fb341b64b0d8240caed0e54c0ce4065adea4752fd0d098c813705",
                "sha256:f91fa3eef5e86fb9ba9986eaa3d445299dd57a6489c7577794358f1913ca8f42",
                "sha256:f92e550347a881a3a38132859689f45c5b887930aaccefa95d4727b11a96e93c",
                "sha256:fbc946ed858c30f4b3b17731547ae5afc19a1b0d689116f21ce9456759cc2577",
                "sha256:fd8f066685415f5e6ae9855f75a6f4d98bc7367345161d59983f86d713acce1c",
                "sha256:ffec99daaf894f21d2c11541dcd10f0502e50970a685eb7ef38a3ab5e1adee22"
            ],
            "version": "==0.1.5"
        },
        "pygments": {
            "hashes": [
                "sha256:56a8508ae95f98e2b9bdf93a6be5ae3f7d8af858b43e02c5a2ff083726be40c1",
                "sha256:f643f331ab57ba3c9d89212ee4a2dabc6e94f117cf4eefde99a0574720d14c42"
            ],
            "markers": "python_version >= '3.6'",
            "version": "==2.13.0"
        },
        "requests": {
            "hashes": [
                "sha256:27973dd4a904a4f13b263a19c866c13b92a39ed1c964655f025f3f8d3d75b804",
                "sha256:c210084e36a42ae6b9219e00e48287def368a26d03a048ddad7bfee44f75871e"
            ],
            "markers": "python_version >= '2.7' and python_version not in '3.0, 3.1, 3.2, 3.3, 3.4'",
            "version": "==2.25.1"
        },
        "scalecodec": {
            "hashes": [
                "sha256:048aefc608cc8197ce354fb4745cba9ecae845c7804852e79c386a08d9c56f29",
                "sha256:6b94d6bd2448ee15f99975fe707d9b3018bc65ccd8ad6b893da91168551c2722"
            ],
            "markers": "python_version >= '3.6' and python_version < '4'",
            "version": "==0.10.88"
        },
        "setuptools": {
            "hashes": [
                "sha256:57f6f22bde4e042978bcd50176fdb381d7c21a9efa4041202288d3737a0c6a54",
                "sha256:a7620757bf984b58deaf32fc8a4577a9bbc0850cf92c20e1ce41c38c19e5fb75"
            ],
            "markers": "python_version >= '3.7'",
            "version": "==65.6.3"
        },
        "six": {
            "hashes": [
                "sha256:1e61c37477a1626458e36f7b1d82aa5c9b094fa4802892072e49de9c60c4c926",
                "sha256:8abb2f1d86890a2dfb989f9a77cfcfd3e47c2a354b01111771326f8aa26e0254"
            ],
            "markers": "python_version >= '2.7' and python_version not in '3.0, 3.1, 3.2, 3.3'",
            "version": "==1.16.0"
        },
        "substrate-interface": {
            "hashes": [
                "sha256:ceb333ec18643ae6a226048f56f2393b54ffeb3e66f3f095f22602eeb6589fb9",
                "sha256:dea28671d9f131c625c9eec5b34198fb913515042e05e74611bd230b73ae3428"
            ],
            "index": "pypi",
            "version": "==0.12.6"
        },
        "tqdm": {
            "hashes": [
                "sha256:daec693491c52e9498632dfbe9ccfc4882a557f5fa08982db1b4d3adbe0887c3",
                "sha256:ebdebdb95e3477ceea267decfc0784859aa3df3e27e22d23b83e9b272bf157ae"
            ],
            "index": "pypi",
            "version": "==4.60.0"
        },
        "traitlets": {
            "hashes": [
                "sha256:10b6ed1c9cedee83e795db70a8b9c2db157bb3778ec4587a349ecb7ef3b1033b",
                "sha256:1410755385d778aed847d68deb99b3ba30fbbf489e17a1e8cbb753060d5cce73"
            ],
            "markers": "python_version >= '3.7'",
            "version": "==5.6.0"
        },
        "urllib3": {
            "hashes": [
                "sha256:47cc05d99aaa09c9e72ed5809b60e7ba354e64b59c9c173ac3018642d8bb41fc",
                "sha256:c083dd0dce68dbfbe1129d5271cb90f9447dea7d52097c6e0126120c521ddea8"
            ],
            "markers": "python_version >= '2.7' and python_version not in '3.0, 3.1, 3.2, 3.3, 3.4, 3.5'",
            "version": "==1.26.13"
        },
        "wcwidth": {
            "hashes": [
                "sha256:beb4802a9cebb9144e99086eff703a642a13d6a0052920003a230f3294bbe784",
                "sha256:c4d647b99872929fdb7bdcaa4fbe7f01413ed3d98077df798530e5b04f116c83"
            ],
            "version": "==0.2.5"
        },
        "websocket-client": {
            "hashes": [
                "sha256:44b5df8f08c74c3d82d28100fdc81f4536809ce98a17f0757557813275fbb663",
                "sha256:63509b41d158ae5b7f67eb4ad20fecbb4eee99434e73e140354dc3ff8e09716f"
            ],
            "markers": "python_version >= '2.6' and python_version not in '3.0, 3.1, 3.2, 3.3'",
            "version": "==0.58.0"
        },
        "xxhash": {
            "hashes": [
                "sha256:00f2603b91fbb6fd1c3b83b263a405834e2df393fd2bac6a86e2e0ecc511076c",
                "sha256:02f9a6176152a64955b3dff89dfb2d3c9a7c93e862cbc37c0858e8e25d1f3f3c",
                "sha256:04812deabfdba3fa9cae57abb908a3f980bccbe9a4178f3e56afca2f1f625874",
                "sha256:0602b45447934fd5b81b387e76512a7c7c946b571b3f9a7d7b2cd9d3a09f9041",
                "sha256:0bce4ce403129c6cee69860cf2597d04f29c714797c11e8ec3b2b7b3677c4586",
                "sha256:0e86290486768b51478f320abca9fe61805578298b6e60719ec23bca85c60eec",
                "sha256:11d4af8d50b8b08835f653a96d58bb3658454144e5e4d28e369f4b3ad2bff4ea",
                "sha256:1980f79c8ab4536c01048eb6398db0ac2049292150064bef665fa4c89918f86c",
                "sha256:1ab8f652ffaed3855d25f7666f63bf1ee81ead4d9d30cc9e592571a3959d2964",
                "sha256:1f50cfc3e80fe241d25e557f7ca5a145d3d557bdf738cd2d355bfe1324c28d21",
                "sha256:216b90f30351fe434903bb039ae88df4c5ae43eb4320a012f6c73bec1d630213",
                "sha256:21e030031f13455c9bfc10ed58301fbee8fad0e179cc6a1b15e899d71af2958f",
                "sha256:2d65d773c4d9c8d1a88af8e0e2169910cfc3d425006e2eb18cd13a6391543ed1",
                "sha256:2e798287d6efcd51df12ac67f65ba7d78937be80c2c91bff2d17bf5404c63a24",
                "sha256:33f865b6eb9126a60345cf3106925a5039ef582b840d2df96f7777a160d0ef17",
                "sha256:362520c908887c85af832e16448bad58cb182d165a16241e3251bdd17bd427be",
                "sha256:369af334d58f6d2f716bd1557d3580c4c1235077090769abf1d54daec2b301a7",
                "sha256:379c37f2d46a441bdb71af79443990e21943ef644ffeed5662157a9a682d55be",
                "sha256:3a3d7cd6412a1d0d5e43be188a67f95326e5a8c5d2ae1ad10adf8f896e630091",
                "sha256:3a9e2052ac6520e1f56630ff689b2b85ccd24799d362493435cf46defe163cc1",
                "sha256:3ae86b9672ad4ef431b0e1d284530289382575e2569078071c7adcf5827b4995",
                "sha256:3c60ff7946e46beaa873509c1ca41937b40fc3048620cbd8441bfe03aa053f33",
                "sha256:3cb1c759c2a863dd963bdca8504c7ae39388dd1ef189fca91b94f18acb7bde26",
                "sha256:4143a1ad5f436550fcc091c80e7af23ec31cca1991750391067b24b051dcd0d7",
                "sha256:4521fed12d111bb2691ca0dc01fa8b36f6c626f53d9ee54befcea957e1b4dbaa",
                "sha256:4582e12d9aa25530449a8cad4e9e8e973e0b2f28e77ef6504fc6f216f8f07406",
                "sha256:4645b106732885fc488656657a5790dee4d8ffd123d2134647028f6575f2c05e",
                "sha256:53e587e6625bc9a7cfa5e067837590a626ff4150000ae31be2af73a67d08ea8c",
                "sha256:540966f42ccd0d3d09539a7236fbfdce6b15d7be49ee5d5adaef0aa0d020cd1e",
                "sha256:5c65cfb8fd3efd3d574a0cd4abbe59741f720334fa1d79e5366b34b0f4584b66",
                "sha256:5e9141f224a4dc984ea016744aa40a8a040054ef91933b2f9c81ba18e5b9d06e",
                "sha256:62cc09f3024ef1a0153e32ac6593025f20fae13b1bc5d08b639891ec110cacec",
                "sha256:6502a60ced52547e9c8e3eba3e5818ac0adca3e9abb5e32d2ee73a060f3dc362",
                "sha256:65a9aac88cc960b3a21a52922d5846f1b15af7a5b937a26c7edee1d3fe80800c",
                "sha256:694fd42161959382b70ea3442ea017675071dafe8b960849d5a599c4538737d8",
                "sha256:778f3c6007d280b6fff12f95c81d9c4ad6907632a0bfecf23aca18afb54319c0",
                "sha256:77c6d1e0993e8a314f4a6aec911c12fbb4caf4f58223381d3d41fa153ae6924f",
                "sha256:80b6cd0f781c198b0b53f78124658d0f407fbba7450e79d537505608bf4125ba",
                "sha256:83a7b89e0b8b26cb86369ca0a7395299e0046930664ce96cbc07702504af9a26",
                "sha256:84e9d14baccdf31e3c59ed34b9d00df52ad4db376dbbbaad936ea02b9be4a534",
                "sha256:8f32770a4b39ffe6a5785f87b66435b2e4048ba4a36334108ac5d375447ce667",
                "sha256:8f4089c92b7aac2ead222345b0368e7d69e7a61e7a56762ae2f5e8d67fb67349",
                "sha256:90d03b46fc06f9ca3c0a4db685df3efffeb880ebcef2ffee707057e09fb8cba2",
                "sha256:91bf72f009114320d9cbb452d5995286f2c6f70b3f53041f72654c4c1a8b79bd",
                "sha256:95175636d28943eaf3da331aa57c7d02756017880151e11f8476a2ef49dd35de",
                "sha256:9d4f9c8570e9adecae7d480090bcbf856b1d28f462c30c5cbe9f23b6418d6423",
                "sha256:a06311c247f2f45619e754249ca6f868c349fbfb63979ce291c83151840952a2",
                "sha256:a9efbc1c780ef3b578486eb250f5e93b2934c918386d981d96b7a06bae90c4d4",
                "sha256:aa4e22665290f2dfa608901c38b1a5f0d367280fd8adc5996356d7f4993f41f7",
                "sha256:ac21b1e21dc6fdfee9a57b53f4777539d53a84f2e1546a3f802f159f9966bdc1",
                "sha256:b0f1e298f80e302fd1b859e0b27f997eae82e9e9592843a1df2ca79122365ac1",
                "sha256:b16e7fc7991118c0b6cd9f5e141911110388f39df58b2996834619d2b956b4a8",
                "sha256:b43b55e0d2d81f4ec8caaf165a0a96325d7dd4317770b663701700f9aee855ed",
                "sha256:b74a787be31b8493797d3e7dfac2b240ed443bcd1b42dfbb406629538f103667",
                "sha256:b8810fa72d361262168c2b215e3cee223eb19b74806c08713b943f57f0c91fd6",
                "sha256:b9c56f45fd18879212b480dc44dc1da44a22d453e3b4038c4b686f6307124220",
                "sha256:bb07bb4125c432f500a76a84ef51c0eafc09afbd1479308c6e1e2bbb73a33bb4",
                "sha256:c58b2bc7240966f54db9ef7dcfcc988362b0a315c12ed13a778917457c8dfe9d",
                "sha256:c627840400b90a90d989ebef431b146e89e44377de42cd2e75996bbed394e3c5",
                "sha256:ca24dd052adf23e1fd8fb5839d9046328e60222a866fa3c2761e90ddab1fc2b8",
                "sha256:cb3032588cd46bc6d16b2b35cd7ff5041fcc90423ae7c8f62263a029ff8f1e5d",
                "sha256:cf20bca461ae45273599be8635b60b517d2212b51d6d5d85fc8c441078eb02ab",
                "sha256:d08ebd5313f6811ef76cde0f97179374b047442b918089a09019fed53b9f9cef",
                "sha256:d2324c31095708ceb7ee8c15b31bd1bea7376ca477748f9a20aba2e94d01fab1",
                "sha256:d30df80c8bc56aa55f545b1840d84ad6f773a3623b3e1462f17ebbd93c4c69ae",
                "sha256:d72b5d4eee98ecd25a2c647f7547a024585400ab13aa7ec837ebb8a25151bbef",
                "sha256:daa1a37685759003680bd2775053bbf772c4f71ad3c729810ea4901535635d5e",
                "sha256:de9758872881d50d0946dfc6067b4782986de6af5ec74c266d47d85c699aa0de",
                "sha256:dfa73020bc696a46dab2dddd28c76d1abcd0643dc8a2dd06a037392bda5cc5ec",
                "sha256:e24bab9aecdfba23c7feb3b173488ca6b3168a50095ff544dedc7caa0c05ac3c",
                "sha256:e5d54d8e01c34acf3361bb58c5022a92abc9d5054b919a1d483679d59989bbff",
                "sha256:ea074722fa953a1a3bece979620e2f0b43f2dfca841de84aca32a477c2fdb658",
                "sha256:edd65c4850231324af7a613e5647c1c484f3dcbcde4a0e608d099050c684ae79",
                "sha256:efafa866662f6ab50f1ffb808424ca9373d2f3b4a73e6ea66432dce1779f501c",
                "sha256:effd26669365a71e1337977ba789c95029c9cb0ac26e7455255922d3c9ff8fff",
                "sha256:f109a872aba254ffebe3c749a6b7148463e5d3168ac5afb515f1a929e73feb8f",
                "sha256:f2259f13de36b4e675840e50b16bcd5c6f7aec6f5e833af47b3a0186c19e92dd",
                "sha256:f7f1b27db4798f7ebe599107c75b2a0648fc1f9d9226fa2771fc296c5593dc7e",
                "sha256:fc93e4bd34fd14459672345ca4a070b0f28d906bea4b178373b4271498e38ec9"
            ],
            "markers": "python_version >= '3.6'",
            "version": "==3.1.0"
        }
    },
    "develop": {}
}
