{
    "_meta": {
        "hash": {
            "sha256": "de2185eb3a2b080fe14852d9c2f90d12e45a7eee8d094ec32699e88ea6fec163"
        },
        "pipfile-spec": 6,
        "requires": {
            "python_version": "3.8"
        },
        "sources": [
            {
                "name": "pypi",
                "url": "https://pypi.org/simple",
                "verify_ssl": true
            }
        ]
    },
    "default": {
        "backcall": {
            "hashes": [
                "sha256:5cbdbf27be5e7cfadb448baf0aa95508f91f2bbc6c6437cd9cd06e2a4c215e1e",
                "sha256:fbbce6a29f263178a1f7915c1940bde0ec2b2a967566fe1c65c1dfb7422bd255"
            ],
            "version": "==0.2.0"
        },
        "base58": {
            "hashes": [
                "sha256:365c9561d9babac1b5f18ee797508cd54937a724b6e419a130abad69cec5ca79",
                "sha256:447adc750d6b642987ffc6d397ecd15a799852d5f6a1d308d384500243825058"
            ],
            "markers": "python_version >= '3.5'",
            "version": "==2.0.1"
        },
        "certifi": {
            "hashes": [
                "sha256:78884e7c1d4b00ce3cea67b44566851c4343c120abd683433ce934a68ea58872",
                "sha256:d62a0163eb4c2344ac042ab2bdf75399a71a2d8c7d47eac2e2ee91b9d6339569"
            ],
            "version": "==2021.10.8"
        },
        "chardet": {
            "hashes": [
                "sha256:0d6f53a15db4120f2b08c94f11e7d93d2c911ee118b6b30a04ec3ee8310179fa",
                "sha256:f864054d66fd9118f2e67044ac8981a54775ec5b67aed0441892edb553d21da5"
            ],
            "markers": "python_version >= '2.7' and python_version not in '3.0, 3.1, 3.2, 3.3, 3.4'",
            "version": "==4.0.0"
        },
        "decorator": {
            "hashes": [
                "sha256:637996211036b6385ef91435e4fae22989472f9d571faba8927ba8253acbc330",
                "sha256:b8c3f85900b9dc423225913c5aace94729fe1fa9763b38939a95226f02d37186"
            ],
            "markers": "python_version >= '3.5'",
            "version": "==5.1.1"
        },
        "idna": {
            "hashes": [
                "sha256:b307872f855b18632ce0c21c5e45be78c0ea7ae4c15c828c20788b26921eb3f6",
                "sha256:b97d804b1e9b523befed77c48dacec60e6dcb0b5391d57af6a65a312a90648c0"
            ],
            "markers": "python_version >= '2.7' and python_version not in '3.0, 3.1, 3.2, 3.3'",
            "version": "==2.10"
        },
        "ipython": {
            "hashes": [
                "sha256:55df3e0bd0f94e715abd968bedd89d4e8a7bce4bf498fb123fed4f5398fea874",
                "sha256:b5548ec5329a4bcf054a5deed5099b0f9622eb9ea51aaa7104d215fece201d8c"
            ],
            "index": "pypi",
            "version": "==7.31.1"
        },
        "jedi": {
            "hashes": [
                "sha256:637c9635fcf47945ceb91cd7f320234a7be540ded6f3e99a50cb6febdfd1ba8d",
                "sha256:74137626a64a99c8eb6ae5832d99b3bdd7d29a3850fe2aa80a4126b2a7d949ab"
            ],
            "markers": "python_version >= '3.6'",
            "version": "==0.18.1"
        },
        "matplotlib-inline": {
            "hashes": [
                "sha256:a04bfba22e0d1395479f866853ec1ee28eea1485c1d69a6faf00dc3e24ff34ee",
                "sha256:aed605ba3b72462d64d475a21a9296f400a19c4f74a31b59103d2a99ffd5aa5c"
            ],
            "markers": "python_version >= '3.5'",
            "version": "==0.1.3"
        },
        "more-itertools": {
            "hashes": [
                "sha256:43e6dd9942dffd72661a2c4ef383ad7da1e6a3e968a927ad7a6083ab410a688b",
                "sha256:7dc6ad46f05f545f900dd59e8dfb4e84a4827b97b3cfecb175ea0c7d247f6064"
            ],
            "markers": "python_version >= '3.5'",
            "version": "==8.12.0"
        },
        "parso": {
            "hashes": [
                "sha256:8c07be290bb59f03588915921e29e8a50002acaf2cdc5fa0e0114f91709fafa0",
                "sha256:c001d4636cd3aecdaf33cbb40aebb59b094be2a74c556778ef5576c175e19e75"
            ],
            "markers": "python_version >= '3.6'",
            "version": "==0.8.3"
        },
        "pexpect": {
            "hashes": [
                "sha256:0b48a55dcb3c05f3329815901ea4fc1537514d6ba867a152b581d69ae3710937",
                "sha256:fc65a43959d153d0114afe13997d439c22823a27cefceb5ff35c2178c6784c0c"
            ],
            "markers": "sys_platform != 'win32'",
            "version": "==4.8.0"
        },
        "pickleshare": {
            "hashes": [
                "sha256:87683d47965c1da65cdacaf31c8441d12b8044cdec9aca500cd78fc2c683afca",
                "sha256:9649af414d74d4df115d5d718f82acb59c9d418196b7b4290ed47a12ce62df56"
            ],
            "version": "==0.7.5"
        },
        "prompt-toolkit": {
            "hashes": [
                "sha256:1bb05628c7d87b645974a1bad3f17612be0c29fa39af9f7688030163f680bad6",
                "sha256:e56f2ff799bacecd3e88165b1e2f5ebf9bcd59e80e06d395fa0cc4b8bd7bb506"
            ],
            "markers": "python_full_version >= '3.6.2'",
            "version": "==3.0.24"
        },
        "ptyprocess": {
            "hashes": [
                "sha256:4b41f3967fce3af57cc7e94b888626c18bf37a083e3651ca8feeb66d492fef35",
                "sha256:5c5d0a3b48ceee0b48485e0c26037c0acd7d29765ca3fbb5cb3831d347423220"
            ],
            "version": "==0.7.0"
        },
        "py-bip39-bindings": {
            "hashes": [
                "sha256:01a64e75f5a5bbadd7e2e4ecf84fbf55aa611a785dbd7e73c66ff7c7b51d351c",
                "sha256:0788b2ff883bb0e3c49ca86b1e21e03df15e73beb918ae1a04ad9ea9fcb0a3a5",
                "sha256:12ae84907886b6759d50cb79fa088b68b2577e36dcb9a8e9cadc3aedac7d8bff",
                "sha256:188f29c6427938ce0a3a39ab364e34f8d56fe44d3cce98e96e02cb4be771420b",
                "sha256:1e73422fc051e2b21fb8d977bc36745024bb1239616e6d60cccc220a5159e9ad",
                "sha256:2962191c34db54bcab0a262dad56f66dab267f6e4a8535f5770407a0bfc10d5e",
                "sha256:299734554a9741498ba93e5dfca756bc556d66eab1214c3d9b65cf77411e86ff",
                "sha256:2cdd0ed184346f7297ae05273c66b2727151074208205eb1ec6b552eaacec32a",
                "sha256:342c8adb52355658c0e628ff5d3563b298fcf44adecfe69055db0e287a977685",
                "sha256:452526d83bc736d0edebabce38b291f2746a05f7054df0eeb3257a1ec8d81f03",
                "sha256:4f0e9e7aa66b302c593c7e646c6d458faaace0efe6bc555a625f7a71184f0e64",
                "sha256:5ecd0f9771f0aba032260eaba7c0482841dae345998eadf09d185726399dddbd",
                "sha256:645bda60bfcaef55c1c8d4cdc993a2a9f339970adc18344b45af2e4269236bc9",
                "sha256:701e549eb427ab89c488e41cd85127ac14e72127e2abffe3eb4897b72c16929b",
                "sha256:72fa49c09c767ce806d18d55363faedafecfc4ac34a15f04226aff3b29f766e9",
                "sha256:7de5f9e0e9cc53f869171ad3b375cee619722c45f9c380f8ea34fbd1e10a22f9",
                "sha256:7e526ce3a86bf76cdd5e16d6b3940a57fea5b8a02a62ac64aba8eb763b2f368e",
                "sha256:82fcaba07a9c15a365e246d6161c1ee1d445fca089a81ca4e9807cc995d975b2",
                "sha256:92f425a2f04624f89a9316f7cfc3b11ba2f932fb000093a2c1b69c8269c219ba",
                "sha256:94d403bc5412b818e9a16019a67af03c85b37f28e5b2b95e89957482b32bb344",
                "sha256:97b58250f07783894b1ede1f4b6b35a5729276f12fa5bbf9cdbefd6f1978da26",
                "sha256:9daf835feaa764895e8a9d1a281a897cd8f0bfd82e9ae20eafc285874243edea",
                "sha256:b820e07770a2f0456f0440de0843375cfb1e0ab3ddb241e2fbb18d6088f51e24",
                "sha256:ba1bd15c5326c743fd836747789c4413d20784fdfc0d5f59d17dd2fe7a390bc8",
                "sha256:bba1f0a09ed66a4748645d8d2f8908ecb0e4b82cd91591db05452f380006abb2",
                "sha256:bbf15b5b2264f2431262b7333619a7be9632cc911a971793329a059cf34d6155",
                "sha256:c78298ea1fa9f8cca505063dcb8691f26e19d48820dd9992df1b00db1a32de8e",
                "sha256:ef50dd71a5899103c474bec60e0a11e3a4edd6a79a919b71dd10534b28d696d6",
                "sha256:f28bc0cd95cd180475e1345295bb8a1e0e48933efd9c768649fc0d5e05ab9c16",
                "sha256:f73913ff407ad4bac62a008299c702f92a3b3bb11e43e2dad0c1e2d1d6a7862d",
                "sha256:f822130d4537eeab4c6e1d9a5e5ddc445eae627e7b12c93f8ab5064406fef827",
                "sha256:f86bc853720944b26eb064d42474fe391b098bd2873d243d01c73d0e6faf7dce",
                "sha256:f89df78d64b0e2b281ce3f2ad689d241dac6257c92980d499e6dd07307d4ce4a"
            ],
            "version": "==0.1.8"
        },
        "py-ed25519-bindings": {
            "hashes": [
                "sha256:077b0a90b7cffc34b4f9b8ab0ed612edfb76e5eda695b016cca4790b934d88ca",
                "sha256:1cd3a2d49835a6a5728a340cdaa80352474e9d0a390a2b52634a806d0ba0f4a9",
                "sha256:33da2e9b9681a5e5574b0f38093713b91bdfcfb14ba7ca8b5bea568de72a1aa5",
                "sha256:3b12f2abd8974ce4867a15c6133aec67ce3aaad12298706f50667b4e73b30251",
                "sha256:3bbd338fdc53a0b6e7524e2ca0d26c7ce848244dbe776546dc173bf552582a2e",
                "sha256:494a3d3eed9a81ff621bb51f34c18dfdee43bd7fc022eeefa6fe2ab023b7d90e",
                "sha256:4eff4d6c1e658f183470f3d0ee2b1516c9569eb796cdd80222fcc05910fea6a4",
                "sha256:53bab7ad743d417dea09d1213f664e6bcba14f7b3e4dbab85e25daf7042bea86",
                "sha256:5b26b8f47194a4766d23f7989f926ae791ab6779414a34fb8e665d914694286a",
                "sha256:5b6725dbd6f613c1cb93bca5af5a1e063b2d37d2927eaab5a2e3b6006b993e36",
                "sha256:627e8cc9e750bea3fdd00dad6ad45f79bf2a0c3a8534083aaa292c99f7054a2e",
                "sha256:80d6df3c293cff0a2778028e4b5248e24b64f0deab247b9d4bf4065d8ac2d237",
                "sha256:8f62b42e061c7a8373f9d64527856c48420b3986c70b925685179f16bd0b9c9f",
                "sha256:93797fa77a82fbfbdae054256bdaaa8ee2f7ef3f20ae7499d9026fbfb3a46c25",
                "sha256:9606ed47dbf6ff76f82d85e7b6a0662a95e5b186efb8c2b281c80c3f4037fb4f",
                "sha256:9779c7bc24e0e8db0f992ee637125681885c3d5c73ebb19846a1d37417ddd3d5",
                "sha256:a82959d8a80b8d2293dc0dee8bc810ee8052f8e534b862aa8768dfe045d37555",
                "sha256:af940439ee3f0285d9956fdebe4ef7baafbf3068d75c114cbb97e69ae1b9fb02",
                "sha256:c1903baad3eaa1dc037c429d92f04482a4e369690b16594b9b489055052d4cc5",
                "sha256:c2b2e26070429c1d13dea4dfb012c4dbf5c7a470f94cfca4d4454b8bb725ffb2",
                "sha256:cbeae9f80b2997a271b98f7f4ec856272f46c83a0fa5bd95107d9611f3a95c73",
                "sha256:d94754cd34ee2b66173af889bb922fab90c6b3bda2d29b4ed677d9e52d2bc09a",
                "sha256:e48fc9cf7b60f45a1673e45829d994fa9119108804d61995ea623475f213d3b4",
                "sha256:f2df3ff54550ad2587f63658ecb7c69e0880891e736450491e2a2b633d5273c5",
                "sha256:ff2c54e88b44b224106924482e83781290e0d22f822377a43ea32a9bada80c2b"
            ],
            "version": "==0.1.3"
        },
        "py-sr25519-bindings": {
            "hashes": [
                "sha256:0046dda17c554376f5ba11ea91163b1b883ac61fcc1b1ba588e31b1cb58add28",
                "sha256:0a09f5886a706fcee6786f94dd59a04bdc95f2d6c4b7e1b3118ca805d322a055",
                "sha256:1121e5da273c81b2e7ba0ca4bef8a89c527a6e25ed3110a95e93fd2caa04c50b",
                "sha256:127057216b8cd32ea322d64aa52e70ba7b42a55cd4eb31e8df7c0120934f2445",
                "sha256:14a06ca42d5fd07673138bf9970db9091059a1e4d704545bdf156dd05de3e3c6",
                "sha256:197892cd89077baf2be51e3307a40de2c32006a2b89fec7d767a1d0b2749712d",
                "sha256:1ca0d8e1ca66a17c41e3f6da0c3837e7dbf5b391eb4ea41cfe6026bad0adc8ea",
                "sha256:1fb9ca7b65e60b64bd6e81ee2d5e6556d93b317af3c95a2e24bf45a3c44041a0",
                "sha256:2ec17c935f8ae9a00bb5d6adac6cc455fd6052042959ace5563448c355e2960a",
                "sha256:34786ba33f602d9d4f2495bd29d9f0cb357813a6ee8ae5cd9d37dbda86c141a4",
                "sha256:3845f55a88dcba825c16e65fc9e26742cbb9103fba5229fd0c3e9e8deffd323b",
                "sha256:3f52666b02075483dfdd294b9d0fd903eaf96ac7140e5be45390b25ded52ca6a",
                "sha256:42097fab2702186a6591471bc366d7c804c7c30744acd59d6c6a38fdcad4bedb",
                "sha256:4940ebfcb482b33468c41dda9e8c19137c14cc3b993e1084e55387c6acfa11ab",
                "sha256:5a0f591f9b474ca31f0ca199ebc5d2c70a8869ff6e211188a1562310614558dd",
                "sha256:5e12ca977014f148f4bfb6ba662f1529b15cc8ce030719d726c4e16a379e976e",
                "sha256:6715852eb2ea733c4978b77f9a049cc9eb763d54270d5b1263b198256656c38e",
                "sha256:67dd46da0a571859418fc938af15ab9a0586e47244d21f0f26c5cbf4daf10a3b",
                "sha256:721cae28e86038682dd522191f9cb58a71b3455ef461433ba27a76d2d321197c",
                "sha256:72b49cba419f5c76436bf06de4575ee27713afd8b867c4c14cb7a29e1046c30a",
                "sha256:855af2efee23ebbb4b5544027b2b9a4818db34717b88741bcfd74f5739e9152f",
                "sha256:8e62369aca9455131330cf63b0fcec3be198cabad936317321aa0db9d143435b",
                "sha256:9cbee7341ed35d08533c7dac4d227e2fe21b815072ef66178a7ddb77f4e7be36",
                "sha256:9e07cc588754da27c03185e2d3823537790f616b5aab3df1703ca0f6f578114c",
                "sha256:9e5118cc7e1a77083307d260ccda21a0ec14efb0b98535f8fc9e2c54c7594836",
                "sha256:aed508e15e695c5e3147be936db7a40f7bf5cb0a4078a9eb0e25fbdeb7c08982",
                "sha256:b901675f8ea8ca4a6e55887ea48448a3f6bf55f22baa4acfa77d7c844e82e9db",
                "sha256:cb1edb9db13548252fe3410868111dcda48a5b6ecda11cebb156930f0f472368",
                "sha256:ce3639509e87ab04652c62aab626f13a80e308347047173bf74749397d0be539",
                "sha256:d13e3a6b262494f66f36de3ba45d1040fee7a0c4104d56086b15315332026db9",
                "sha256:d1b1b51d997363a264fb3f91978f21ea784f5ee50ed26e11ed0a0f26c497a4eb",
                "sha256:d1c1247b4bf4c5670767e8a35bc259b425b275c8d72c6e3f1cfac47cf9b80e89",
                "sha256:f7ca8f4e62aee8bc33916f6422e8ac5ffeeb96bc11f7ca52792354b771216bd8"
            ],
            "version": "==0.1.4"
        },
        "pygments": {
            "hashes": [
                "sha256:44238f1b60a76d78fc8ca0528ee429702aae011c265fe6a8dd8b63049ae41c65",
                "sha256:4e426f72023d88d03b2fa258de560726ce890ff3b630f88c21cbb8b2503b8c6a"
            ],
            "markers": "python_version >= '3.5'",
            "version": "==2.11.2"
        },
        "requests": {
            "hashes": [
                "sha256:27973dd4a904a4f13b263a19c866c13b92a39ed1c964655f025f3f8d3d75b804",
                "sha256:c210084e36a42ae6b9219e00e48287def368a26d03a048ddad7bfee44f75871e"
            ],
            "markers": "python_version >= '2.7' and python_version not in '3.0, 3.1, 3.2, 3.3, 3.4'",
            "version": "==2.25.1"
        },
        "scalecodec": {
            "hashes": [
                "sha256:048aefc608cc8197ce354fb4745cba9ecae845c7804852e79c386a08d9c56f29",
                "sha256:6b94d6bd2448ee15f99975fe707d9b3018bc65ccd8ad6b893da91168551c2722"
            ],
            "markers": "python_version >= '3.6' and python_version < '4'",
            "version": "==0.10.88"
        },
        "setuptools": {
            "hashes": [
                "sha256:2404879cda71495fc4d5cbc445ed52fdaddf352b36e40be8dcc63147cb4edabe",
                "sha256:68eb94073fc486091447fcb0501efd6560a0e5a1839ba249e5ff3c4c93f05f90"
            ],
            "markers": "python_version >= '3.7'",
            "version": "==60.5.0"
        },
        "six": {
            "hashes": [
                "sha256:1e61c37477a1626458e36f7b1d82aa5c9b094fa4802892072e49de9c60c4c926",
                "sha256:8abb2f1d86890a2dfb989f9a77cfcfd3e47c2a354b01111771326f8aa26e0254"
            ],
            "markers": "python_version >= '2.7' and python_version not in '3.0, 3.1, 3.2, 3.3'",
            "version": "==1.16.0"
        },
        "substrate-interface": {
            "hashes": [
                "sha256:ceb333ec18643ae6a226048f56f2393b54ffeb3e66f3f095f22602eeb6589fb9",
                "sha256:dea28671d9f131c625c9eec5b34198fb913515042e05e74611bd230b73ae3428"
            ],
            "index": "pypi",
            "version": "==0.12.6"
        },
        "tqdm": {
            "hashes": [
                "sha256:daec693491c52e9498632dfbe9ccfc4882a557f5fa08982db1b4d3adbe0887c3",
                "sha256:ebdebdb95e3477ceea267decfc0784859aa3df3e27e22d23b83e9b272bf157ae"
            ],
            "index": "pypi",
            "version": "==4.60.0"
        },
        "traitlets": {
            "hashes": [
                "sha256:059f456c5a7c1c82b98c2e8c799f39c9b8128f6d0d46941ee118daace9eb70c7",
                "sha256:2d313cc50a42cd6c277e7d7dc8d4d7fedd06a2c215f78766ae7b1a66277e0033"
            ],
            "markers": "python_version >= '3.7'",
            "version": "==5.1.1"
        },
        "urllib3": {
            "hashes": [
                "sha256:000ca7f471a233c2251c6c7023ee85305721bfdf18621ebff4fd17a8653427ed",
                "sha256:0e7c33d9a63e7ddfcb86780aac87befc2fbddf46c58dbb487e0855f7ceec283c"
            ],
            "markers": "python_version >= '2.7' and python_version not in '3.0, 3.1, 3.2, 3.3, 3.4' and python_version < '4'",
            "version": "==1.26.8"
        },
        "wcwidth": {
            "hashes": [
                "sha256:beb4802a9cebb9144e99086eff703a642a13d6a0052920003a230f3294bbe784",
                "sha256:c4d647b99872929fdb7bdcaa4fbe7f01413ed3d98077df798530e5b04f116c83"
            ],
            "version": "==0.2.5"
        },
        "websocket-client": {
            "hashes": [
                "sha256:44b5df8f08c74c3d82d28100fdc81f4536809ce98a17f0757557813275fbb663",
                "sha256:63509b41d158ae5b7f67eb4ad20fecbb4eee99434e73e140354dc3ff8e09716f"
            ],
            "markers": "python_version >= '2.6' and python_version not in '3.0, 3.1, 3.2, 3.3'",
            "version": "==0.58.0"
        },
        "xxhash": {
            "hashes": [
                "sha256:00aaf882036d2a0fa7652cf9aeaaf2ad077b784c09ef8d60f5d97ebf0d47ffa1",
                "sha256:04ae5706ddfe0fd2b46cd0b6487d3edae7e724e27d732b055ffd0f9539c4afc5",
                "sha256:0b92a01dc8dcada8827de140a5df83c9e8e5c190ef8bf972c98ebbe0924ee044",
                "sha256:0beb79835ca47af257f8126fccd9d5e0ba56ba7d39dab6f6b5a7acea4d8ac4b5",
                "sha256:173d3f662dc88de734bd622e46a3bbac6fd00e957b3e098fa8b75b141aa4354e",
                "sha256:17a3b0a2ff20879ed5c9d9c178349e9c6257db11b193e4103282d7a78ef9cb08",
                "sha256:1dfa115c8e07b3e1d94ebd60a6d6ee16ea692efb890e245addb0d33b47ee1dee",
                "sha256:22ddd484cd92d138feeec556387894b8ec529bab7f2feb3a177eb84baadee8c1",
                "sha256:357f6a52bd18a80635cf4c83f648c42fa0609713b4183929ed019f7627af4b68",
                "sha256:4243dbeb1ce09d359289844f0c54676343857fdc6a092184aea159fecdf6d9f3",
                "sha256:427851234a87bfe6636c90b89bd65b7ca913befff3c7bcd92a3568e635fccc92",
                "sha256:43fd97f332bd581639bb99fe8f09f7e9113d49cad4d21bef0620867f92c802c6",
                "sha256:515747159fccd23fc9d1b7afeaa8bd7fc36884188b47491713d22032c5f9e502",
                "sha256:57d43ce9594676b503c0a0a383481cb4e5cf736f88970bd41849fe15a68a5d48",
                "sha256:5dc3da5fa855dd8e35f24d20fabfcd29c0b3ac85a14dc2c329c029971ae4eeb7",
                "sha256:6077fdb44f68920c4ac8e2f34b2a107c9a218f00a698253c824a0c6c1b9622a3",
                "sha256:676d6964b8a9bdaf737ae6836b886ab53b2863c6aa00d43952b130a6130d1bdc",
                "sha256:686fcf2aff041df65470eccc7dcea5e7e77cfad99efcaba0c6f58bbd81846e10",
                "sha256:68d067427f2c6f7b3014e28bf4794b0876ab5f6366b53e1d6f59d275b4f19a8d",
                "sha256:6e5058c3fa5b42ded9a303f1a5a42d3ff732cb54c108424c63e993fc3379513c",
                "sha256:6fc0b8c21a181b771e1f0c25eb8a0a241af0126f1fc19f4c3cde7233de91326f",
                "sha256:71b38300e1803ab32ee787f89cdbc032b46ac5834eca9109d8fb576ae1a31741",
                "sha256:73649555656dd17e809b9b3c54855f4f72144024b0e6395cd37b5395fa0f48c3",
                "sha256:81ec049f4936a49311e1fc58036d7d682b5c83d6d16ba1c852a981588c90e027",
                "sha256:8362693a1ce5c1373f48f047470e7797ed17dfe5babc37ba7bef50d6e6f83a72",
                "sha256:9b6bb1bd34a6365c790c328a604ec5a628059fef6e4486380caa89bc12787a6e",
                "sha256:9e6e5e095417060bed45119c510d5bc846b62e2a8218cb3e5a19b3ccf12e4c18",
                "sha256:a0199a07a264be96ed658ba3b4e9ee58a3c678e51a18e134e2518cf1a8171e18",
                "sha256:a8a68d117178f15c96cb9ae2613f53db94e0fdb34ffc69c7ab600c899c7a966c",
                "sha256:a922315c8e20dae0d35e54b49fd7ee348fe0a5e2fd8ec02f6a74140e063fcdb3",
                "sha256:b232b47a3aa825e0df14b1bd3e051dd327c8539e382728ddb81997d26de5256a",
                "sha256:b4964e7ddca1ef9d7addef40a9f5eaa97aeda367c1d895e392533c0d2f9c3b8e",
                "sha256:b4b7d4d19c125738c5fc48356505dfbd63b3cdf826dd868a1b80a73de48729b7",
                "sha256:b7640e043ac6e0f503eadb108e6971d69b0c95c23fbcac3e5632578f9f906050",
                "sha256:b7bead8cf6210eadf9cecf356e17af794f57c0939a3d420a00d87ea652f87b49",
                "sha256:bb8c0efad20da40da1aa56f36b929b965d1adede8a1d5b37b702d378a683e0dd",
                "sha256:c2e44d162c3361392dbde736ee8ba3d1a414f63e32be6c71186f2b0654559d26",
                "sha256:c4a0806ffb33c9d892b5565fa010c252c7e0f4d01ded901a637dfede624e4d0c",
                "sha256:c4a892bc47b6ea92bbb82499a81882548ce990d62c1862b3834f1f70e8cf4423",
                "sha256:c75f8375c80c3815f49a744ef1a8303577757eb9a2dc53bed33d9318b760fec6",
                "sha256:cb3a196fd1d55ce86b1123cbf3ef6603f80f4d0b46541412bb5056b0563ef384",
                "sha256:d47ab1245ee4c7e6fc424ad990e4d7cfe0f206d617efe990fea34000a9242102",
                "sha256:d707d2a053a5d55ccd2e59d7a228636cafeebb44c9ac3ca1c088f4d384c8c3a9",
                "sha256:d7175cd7f490aae742d18eb9b519e74180958f88fa8ff47091727b3efb57bfbf",
                "sha256:dac3b94881b943bbe418f5829128b9c48f69a66f816ef8b72ee0129d676dbd7c",
                "sha256:dad190caa293abbb39d96b4a09f121fc971d81eb19c96e4e0db89a99a7d59b93",
                "sha256:dafd1066c99d448a7a1226f10766b61ff752aaad8a4392e4cae30aafefa6fff5",
                "sha256:db2352d375e6594620c462c029d3c1a1b18ff7168e470657e354f1b8b332d9dd",
                "sha256:dc328d3d635ec851d6befdf6ced2134d587d3be973dbbbc489da24c0c88ecb01",
                "sha256:dd9c72520f790ce6eaa535cdad1a53ded22deab43766cfa7cef42834a9a65561",
                "sha256:df71aeedee74eaf670d1243b6722c8c77626f3b6e6cf2cd79f2e336b151749cd",
                "sha256:dfacce97a3ccb46089e358ceaeca9300298511673bf87596da66882af386f6c7",
                "sha256:e1787b9cea43f256f8d06c8429999d386a9da9cb000c265a4dde48dd08242528",
                "sha256:e70059c5cc8f0cecd16d8cb0263de8f317239cabee3fa4af35c0a1ddaed2110e",
                "sha256:e94fdff9b102ca7c0969230d209f7ce17020db17a89d026ac45d8ffb9e4929ec",
                "sha256:eb1e9e347c9810a272154814cf5ce33a6c3ac7d0d7cbcb066e92dd5f9fa4db8f",
                "sha256:eb2670ed6c435189aeb479bfff990e00b849ae0ff49945632db74b2a2a08d192",
                "sha256:ebff22f1783f641c6c2b313bfc44d6cc620c17409ec512e67c7c6de809155880",
                "sha256:f2bef10c417c4667310cc240d49e521e6b5fc90c4ff77a1ec78649869685e8d3",
                "sha256:f49dbd3b8e4cc13f2df92fb3db39204e3258105a212e23784cbb340e415ae8ed",
                "sha256:f95adf6091fa13ce19fab21fadb8d07210822320568d24a6405d6b557afc0411",
                "sha256:fb28b0313c7582225373f343635674231518452331a9bdea8261d0e27b48594f",
                "sha256:fdfac2014301da79cebcd8f9535c875f63242fe404d741cec5f70f400cc6a561",
                "sha256:ff518ec1bd7cc33218f8f3325848c56e9c73c5df30138a64a89dd65ab1e1ffb5"
            ],
            "markers": "python_version >= '2.6' and python_version not in '3.0, 3.1, 3.2, 3.3'",
            "version": "==2.0.2"
        }
    },
    "develop": {}
}